
Microsoft Visual Studio Solution File, Format Version 12.00
# Visual Studio Version 17
VisualStudioVersion = 17.4.33122.133
MinimumVisualStudioVersion = 10.0.40219.1
Project("{FAE04EC0-301F-11D3-BF4B-00C04F79EFBC}") = "CandidateManagementSystem", "CandidateManagementSystem\CandidateManagementSystem.csproj", "{221B927B-71F9-4758-A00F-D0E568368BB8}"
EndProject
Global
	GlobalSection(SolutionConfigurationPlatforms) = preSolution
		Debug|Any CPU = Debug|Any CPU
		Release|Any CPU = Release|Any CPU
	EndGlobalSection
	GlobalSection(ProjectConfigurationPlatforms) = postSolution
		{221B927B-71F9-4758-A00F-D0E568368BB8}.Debug|Any CPU.ActiveCfg = Debug|Any CPU
		{221B927B-71F9-4758-A00F-D0E568368BB8}.Debug|Any CPU.Build.0 = Debug|Any CPU
		{221B927B-71F9-4758-A00F-D0E568368BB8}.Release|Any CPU.ActiveCfg = Release|Any CPU
		{221B927B-71F9-4758-A00F-D0E568368BB8}.Release|Any CPU.Build.0 = Release|Any CPU
	EndGlobalSection
	GlobalSection(SolutionProperties) = preSolution
		HideSolutionNode = FALSE
	EndGlobalSection
	GlobalSection(ExtensibilityGlobals) = postSolution
		SolutionGuid = {77C889AC-20FA-4F8C-88DB-EC3E07827468}
	EndGlobalSection
EndGlobal
